
Microsoft Visual Studio Solution File, Format Version 12.00
# Visual Studio Version 17
VisualStudioVersion = 17.14.36811.4 d17.14
MinimumVisualStudioVersion = 10.0.40219.1
Project("{FAE04EC0-301F-11D3-BF4B-00C04F79EFBC}") = "Homeworks-otus", "Homeworks-otus.csproj", "{9ACAF54B-70F3-4017-B9A5-48B1019B36A1}"
EndProject
Global
	GlobalSection(SolutionConfigurationPlatforms) = preSolution
		Debug|Any CPU = Debug|Any CPU
		Release|Any CPU = Release|Any CPU
	EndGlobalSection
	GlobalSection(ProjectConfigurationPlatforms) = postSolution
		{9ACAF54B-70F3-4017-B9A5-48B1019B36A1}.Debug|Any CPU.ActiveCfg = Debug|Any CPU
		{9ACAF54B-70F3-4017-B9A5-48B1019B36A1}.Debug|Any CPU.Build.0 = Debug|Any CPU
		{9ACAF54B-70F3-4017-B9A5-48B1019B36A1}.Release|Any CPU.ActiveCfg = Release|Any CPU
		{9ACAF54B-70F3-4017-B9A5-48B1019B36A1}.Release|Any CPU.Build.0 = Release|Any CPU
	EndGlobalSection
	GlobalSection(SolutionProperties) = preSolution
		HideSolutionNode = FALSE
	EndGlobalSection
	GlobalSection(ExtensibilityGlobals) = postSolution
		SolutionGuid = {23F13CA0-7667-47A1-9342-593EBEAAA681}
	EndGlobalSection
EndGlobal
